
Microsoft Visual Studio Solution File, Format Version 12.00
# Visual Studio Version 17
VisualStudioVersion = 17.3.32929.385
MinimumVisualStudioVersion = 10.0.40219.1
Project("{FAE04EC0-301F-11D3-BF4B-00C04F79EFBC}") = "AppFinanzasAJ", "AppFinanzasAJ\AppFinanzasAJ.csproj", "{F299E9F4-05AD-4555-9079-68E291D20172}"
EndProject
Global
	GlobalSection(SolutionConfigurationPlatforms) = preSolution
		Debug|Any CPU = Debug|Any CPU
		Release|Any CPU = Release|Any CPU
	EndGlobalSection
	GlobalSection(ProjectConfigurationPlatforms) = postSolution
		{F299E9F4-05AD-4555-9079-68E291D20172}.Debug|Any CPU.ActiveCfg = Debug|Any CPU
		{F299E9F4-05AD-4555-9079-68E291D20172}.Debug|Any CPU.Build.0 = Debug|Any CPU
		{F299E9F4-05AD-4555-9079-68E291D20172}.Release|Any CPU.ActiveCfg = Release|Any CPU
		{F299E9F4-05AD-4555-9079-68E291D20172}.Release|Any CPU.Build.0 = Release|Any CPU
	EndGlobalSection
	GlobalSection(SolutionProperties) = preSolution
		HideSolutionNode = FALSE
	EndGlobalSection
	GlobalSection(ExtensibilityGlobals) = postSolution
		SolutionGuid = {A77FFCEF-640B-481B-9531-2C55FCC5EB78}
	EndGlobalSection
EndGlobal
